// !$*UTF8*$!
{
	archiveVersion = 1;
	classes = {
	};
	objectVersion = 46;
	objects = {

/* Begin PBXBuildFile section */
		64CC94AF156F842900ACDC02 /* UIKit.framework in Frameworks */ = {isa = PBXBuildFile; fileRef = 64CC94AE156F842900ACDC02 /* UIKit.framework */; };
		64CC94B1156F842900ACDC02 /* Foundation.framework in Frameworks */ = {isa = PBXBuildFile; fileRef = 64CC94B0156F842900ACDC02 /* Foundation.framework */; };
		64CC94B3156F842900ACDC02 /* CoreGraphics.framework in Frameworks */ = {isa = PBXBuildFile; fileRef = 64CC94B2156F842900ACDC02 /* CoreGraphics.framework */; };
		64CC94B9156F842900ACDC02 /* InfoPlist.strings in Resources */ = {isa = PBXBuildFile; fileRef = 64CC94B7156F842900ACDC02 /* InfoPlist.strings */; };
		64CC94BB156F842900ACDC02 /* main.m in Sources */ = {isa = PBXBuildFile; fileRef = 64CC94BA156F842900ACDC02 /* main.m */; };
		64CC94BF156F842900ACDC02 /* GPSAppDelegate.m in Sources */ = {isa = PBXBuildFile; fileRef = 64CC94BE156F842900ACDC02 /* GPSAppDelegate.m */; };
		64CC94C2156F842A00ACDC02 /* MainStoryboard.storyboard in Resources */ = {isa = PBXBuildFile; fileRef = 64CC94C0156F842900ACDC02 /* MainStoryboard.storyboard */; };
		64CC94C5156F842A00ACDC02 /* GPSViewController.m in Sources */ = {isa = PBXBuildFile; fileRef = 64CC94C4156F842A00ACDC02 /* GPSViewController.m */; };
/* End PBXBuildFile section */

/* Begin PBXFileReference section */
		64CC94AA156F842900ACDC02 /* GPS.app */ = {isa = PBXFileReference; explicitFileType = wrapper.application; includeInIndex = 0; path = GPS.app; sourceTree = BUILT_PRODUCTS_DIR; };
		64CC94AE156F842900ACDC02 /* UIKit.framework */ = {isa = PBXFileReference; lastKnownFileType = wrapper.framework; name = UIKit.framework; path = System/Library/Frameworks/UIKit.framework; sourceTree = SDKROOT; };
		64CC94B0156F842900ACDC02 /* Foundation.framework */ = {isa = PBXFileReference; lastKnownFileType = wrapper.framework; name = Foundation.framework; path = System/Library/Frameworks/Foundation.framework; sourceTree = SDKROOT; };
		64CC94B2156F842900ACDC02 /* CoreGraphics.framework */ = {isa = PBXFileReference; lastKnownFileType = wrapper.framework; name = CoreGraphics.framework; path = System/Library/Frameworks/CoreGraphics.framework; sourceTree = SDKROOT; };
		64CC94B6156F842900ACDC02 /* GPS-Info.plist */ = {isa = PBXFileReference; lastKnownFileType = text.plist.xml; path = "GPS-Info.plist"; sourceTree = "<group>"; };
		64CC94B8156F842900ACDC02 /* en */ = {isa = PBXFileReference; lastKnownFileType = text.plist.strings; name = en; path = en.lproj/InfoPlist.strings; sourceTree = "<group>"; };
		64CC94BA156F842900ACDC02 /* main.m */ = {isa = PBXFileReference; lastKnownFileType = sourcecode.c.objc; path = main.m; sourceTree = "<group>"; };
		64CC94BC156F842900ACDC02 /* GPS-Prefix.pch */ = {isa = PBXFileReference; lastKnownFileType = sourcecode.c.h; path = "GPS-Prefix.pch"; sourceTree = "<group>"; };
		64CC94BD156F842900ACDC02 /* GPSAppDelegate.h */ = {isa = PBXFileReference; lastKnownFileType = sourcecode.c.h; path = GPSAppDelegate.h; sourceTree = "<group>"; };
		64CC94BE156F842900ACDC02 /* GPSAppDelegate.m */ = {isa = PBXFileReference; lastKnownFileType = sourcecode.c.objc; path = GPSAppDelegate.m; sourceTree = "<group>"; };
		64CC94C1156F842A00ACDC02 /* en */ = {isa = PBXFileReference; lastKnownFileType = file.storyboard; name = en; path = en.lproj/MainStoryboard.storyboard; sourceTree = "<group>"; };
		64CC94C3156F842A00ACDC02 /* GPSViewController.h */ = {isa = PBXFileReference; lastKnownFileType = sourcecode.c.h; path = GPSViewController.h; sourceTree = "<group>"; };
		64CC94C4156F842A00ACDC02 /* GPSViewController.m */ = {isa = PBXFileReference; lastKnownFileType = sourcecode.c.objc; path = GPSViewController.m; sourceTree = "<group>"; };
/* End PBXFileReference section */

/* Begin PBXFrameworksBuildPhase section */
		64CC94A7156F842900ACDC02 /* Frameworks */ = {
			isa = PBXFrameworksBuildPhase;
			buildActionMask = 2147483647;
			files = (
				64CC94AF156F842900ACDC02 /* UIKit.framework in Frameworks */,
				64CC94B1156F842900ACDC02 /* Foundation.framework in Frameworks */,
				64CC94B3156F842900ACDC02 /* CoreGraphics.framework in Frameworks */,
			);
			runOnlyForDeploymentPostprocessing = 0;
		};
/* End PBXFrameworksBuildPhase section */

/* Begin PBXGroup section */
		64CC949F156F842900ACDC02 = {
			isa = PBXGroup;
			children = (
				64CC94B4156F842900ACDC02 /* GPS */,
				64CC94AD156F842900ACDC02 /* Frameworks */,
				64CC94AB156F842900ACDC02 /* Products */,
			);
			sourceTree = "<group>";
		};
		64CC94AB156F842900ACDC02 /* Products */ = {
			isa = PBXGroup;
			children = (
				64CC94AA156F842900ACDC02 /* GPS.app */,
			);
			name = Products;
			sourceTree = "<group>";
		};
		64CC94AD156F842900ACDC02 /* Frameworks */ = {
			isa = PBXGroup;
			children = (
				64CC94AE156F842900ACDC02 /* UIKit.framework */,
				64CC94B0156F842900ACDC02 /* Foundation.framework */,
				64CC94B2156F842900ACDC02 /* CoreGraphics.framework */,
			);
			name = Frameworks;
			sourceTree = "<group>";
		};
		64CC94B4156F842900ACDC02 /* GPS */ = {
			isa = PBXGroup;
			children = (
				64CC94BD156F842900ACDC02 /* GPSAppDelegate.h */,
				64CC94BE156F842900ACDC02 /* GPSAppDelegate.m */,
				64CC94C0156F842900ACDC02 /* MainStoryboard.storyboard */,
				64CC94C3156F842A00ACDC02 /* GPSViewController.h */,
				64CC94C4156F842A00ACDC02 /* GPSViewController.m */,
				64CC94B5156F842900ACDC02 /* Supporting Files */,
			);
			path = GPS;
			sourceTree = "<group>";
		};
		64CC94B5156F842900ACDC02 /* Supporting Files */ = {
			isa = PBXGroup;
			children = (
				64CC94B6156F842900ACDC02 /* GPS-Info.plist */,
				64CC94B7156F842900ACDC02 /* InfoPlist.strings */,
				64CC94BA156F842900ACDC02 /* main.m */,
				64CC94BC156F842900ACDC02 /* GPS-Prefix.pch */,
			);
			name = "Supporting Files";
			sourceTree = "<group>";
		};
/* End PBXGroup section */

/* Begin PBXNativeTarget section */
		64CC94A9156F842900ACDC02 /* GPS */ = {
			isa = PBXNativeTarget;
			buildConfigurationList = 64CC94C8156F842A00ACDC02 /* Build configuration list for PBXNativeTarget "GPS" */;
			buildPhases = (
				64CC94A6156F842900ACDC02 /* Sources */,
				64CC94A7156F842900ACDC02 /* Frameworks */,
				64CC94A8156F842900ACDC02 /* Resources */,
			);
			buildRules = (
			);
			dependencies = (
			);
			name = GPS;
			productName = GPS;
			productReference = 64CC94AA156F842900ACDC02 /* GPS.app */;
			productType = "com.apple.product-type.application";
		};
/* End PBXNativeTarget section */

/* Begin PBXProject section */
		64CC94A1156F842900ACDC02 /* Project object */ = {
			isa = PBXProject;
			attributes = {
				CLASSPREFIX = GPS;
				LastUpgradeCheck = 0430;
			};
			buildConfigurationList = 64CC94A4156F842900ACDC02 /* Build configuration list for PBXProject "GPS" */;
			compatibilityVersion = "Xcode 3.2";
			developmentRegion = English;
			hasScannedForEncodings = 0;
			knownRegions = (
				en,
			);
			mainGroup = 64CC949F156F842900ACDC02;
			productRefGroup = 64CC94AB156F842900ACDC02 /* Products */;
			projectDirPath = "";
			projectRoot = "";
			targets = (
				64CC94A9156F842900ACDC02 /* GPS */,
			);
		};
/* End PBXProject section */

/* Begin PBXResourcesBuildPhase section */
		64CC94A8156F842900ACDC02 /* Resources */ = {
			isa = PBXResourcesBuildPhase;
			buildActionMask = 2147483647;
			files = (
				64CC94B9156F842900ACDC02 /* InfoPlist.strings in Resources */,
				64CC94C2156F842A00ACDC02 /* MainStoryboard.storyboard in Resources */,
			);
			runOnlyForDeploymentPostprocessing = 0;
		};
/* End PBXResourcesBuildPhase section */

/* Begin PBXSourcesBuildPhase section */
		64CC94A6156F842900ACDC02 /* Sources */ = {
			isa = PBXSourcesBuildPhase;
			buildActionMask = 2147483647;
			files = (
				64CC94BB156F842900ACDC02 /* main.m in Sources */,
				64CC94BF156F842900ACDC02 /* GPSAppDelegate.m in Sources */,
				64CC94C5156F842A00ACDC02 /* GPSViewController.m in Sources */,
			);
			runOnlyForDeploymentPostprocessing = 0;
		};
/* End PBXSourcesBuildPhase section */

/* Begin PBXVariantGroup section */
		64CC94B7156F842900ACDC02 /* InfoPlist.strings */ = {
			isa = PBXVariantGroup;
			children = (
				64CC94B8156F842900ACDC02 /* en */,
			);
			name = InfoPlist.strings;
			sourceTree = "<group>";
		};
		64CC94C0156F842900ACDC02 /* MainStoryboard.storyboard */ = {
			isa = PBXVariantGroup;
			children = (
				64CC94C1156F842A00ACDC02 /* en */,
			);
			name = MainStoryboard.storyboard;
			sourceTree = "<group>";
		};
/* End PBXVariantGroup section */

/* Begin XCBuildConfiguration section */
		64CC94C6156F842A00ACDC02 /* Debug */ = {
			isa = XCBuildConfiguration;
			buildSettings = {
				ALWAYS_SEARCH_USER_PATHS = NO;
				ARCHS = "$(ARCHS_STANDARD_32_BIT)";
				CLANG_ENABLE_OBJC_ARC = YES;
				"CODE_SIGN_IDENTITY[sdk=iphoneos*]" = "iPhone Developer";
				COPY_PHASE_STRIP = NO;
				GCC_C_LANGUAGE_STANDARD = gnu99;
				GCC_DYNAMIC_NO_PIC = NO;
				GCC_OPTIMIZATION_LEVEL = 0;
				GCC_PREPROCESSOR_DEFINITIONS = (
					"DEBUG=1",
					"$(inherited)",
				);
				GCC_SYMBOLS_PRIVATE_EXTERN = NO;
				GCC_VERSION = com.apple.compilers.llvm.clang.1_0;
				GCC_WARN_ABOUT_RETURN_TYPE = YES;
				GCC_WARN_UNINITIALIZED_AUTOS = YES;
				GCC_WARN_UNUSED_VARIABLE = YES;
				IPHONEOS_DEPLOYMENT_TARGET = 5.1;
				SDKROOT = iphoneos;
			};
			name = Debug;
		};
		64CC94C7156F842A00ACDC02 /* Release */ = {
			isa = XCBuildConfiguration;
			buildSettings = {
				ALWAYS_SEARCH_USER_PATHS = NO;
				ARCHS = "$(ARCHS_STANDARD_32_BIT)";
				CLANG_ENABLE_OBJC_ARC = YES;
				"CODE_SIGN_IDENTITY[sdk=iphoneos*]" = "iPhone Developer";
				COPY_PHASE_STRIP = YES;
				GCC_C_LANGUAGE_STANDARD = gnu99;
				GCC_VERSION = com.apple.compilers.llvm.clang.1_0;
				GCC_WARN_ABOUT_RETURN_TYPE = YES;
				GCC_WARN_UNINITIALIZED_AUTOS = YES;
				GCC_WARN_UNUSED_VARIABLE = YES;
				IPHONEOS_DEPLOYMENT_TARGET = 5.1;
				OTHER_CFLAGS = "-DNS_BLOCK_ASSERTIONS=1";
				SDKROOT = iphoneos;
				VALIDATE_PRODUCT = YES;
			};
			name = Release;
		};
		64CC94C9156F842A00ACDC02 /* Debug */ = {
			isa = XCBuildConfiguration;
			buildSettings = {
				GCC_PRECOMPILE_PREFIX_HEADER = YES;
				GCC_PREFIX_HEADER = "GPS/GPS-Prefix.pch";
				INFOPLIST_FILE = "GPS/GPS-Info.plist";
				PRODUCT_NAME = "$(TARGET_NAME)";
				WRAPPER_EXTENSION = app;
			};
			name = Debug;
		};
		64CC94CA156F842A00ACDC02 /* Release */ = {
			isa = XCBuildConfiguration;
			buildSettings = {
				GCC_PRECOMPILE_PREFIX_HEADER = YES;
				GCC_PREFIX_HEADER = "GPS/GPS-Prefix.pch";
				INFOPLIST_FILE = "GPS/GPS-Info.plist";
				PRODUCT_NAME = "$(TARGET_NAME)";
				WRAPPER_EXTENSION = app;
			};
			name = Release;
		};
/* End XCBuildConfiguration section */

/* Begin XCConfigurationList section */
		64CC94A4156F842900ACDC02 /* Build configuration list for PBXProject "GPS" */ = {
			isa = XCConfigurationList;
			buildConfigurations = (
				64CC94C6156F842A00ACDC02 /* Debug */,
				64CC94C7156F842A00ACDC02 /* Release */,
			);
			defaultConfigurationIsVisible = 0;
			defaultConfigurationName = Release;
		};
		64CC94C8156F842A00ACDC02 /* Build configuration list for PBXNativeTarget "GPS" */ = {
			isa = XCConfigurationList;
			buildConfigurations = (
				64CC94C9156F842A00ACDC02 /* Debug */,
				64CC94CA156F842A00ACDC02 /* Release */,
			);
			defaultConfigurationIsVisible = 0;
		};
/* End XCConfigurationList section */
	};
	rootObject = 64CC94A1156F842900ACDC02 /* Project object */;
}
